
Microsoft Visual Studio Solution File, Format Version 12.00
# Visual Studio 14
VisualStudioVersion = 14.0.25420.1
MinimumVisualStudioVersion = 10.0.40219.1
Project("{FAE04EC0-301F-11D3-BF4B-00C04F79EFBC}") = "Yoox.Test", "Yoox.Test\Yoox.Test.csproj", "{EF5E90CD-BECA-4795-9E2F-F653633A9621}"
EndProject
Project("{FAE04EC0-301F-11D3-BF4B-00C04F79EFBC}") = "Yoox.TestTest", "Yoox.TestTest\Yoox.TestTest.csproj", "{BC20E3C0-CBE7-424A-A10A-2C74B37D4743}"
EndProject
Global
	GlobalSection(SolutionConfigurationPlatforms) = preSolution
		Debug|Any CPU = Debug|Any CPU
		Release|Any CPU = Release|Any CPU
	EndGlobalSection
	GlobalSection(ProjectConfigurationPlatforms) = postSolution
		{EF5E90CD-BECA-4795-9E2F-F653633A9621}.Debug|Any CPU.ActiveCfg = Debug|Any CPU
		{EF5E90CD-BECA-4795-9E2F-F653633A9621}.Debug|Any CPU.Build.0 = Debug|Any CPU
		{EF5E90CD-BECA-4795-9E2F-F653633A9621}.Release|Any CPU.ActiveCfg = Release|Any CPU
		{EF5E90CD-BECA-4795-9E2F-F653633A9621}.Release|Any CPU.Build.0 = Release|Any CPU
		{BC20E3C0-CBE7-424A-A10A-2C74B37D4743}.Debug|Any CPU.ActiveCfg = Debug|Any CPU
		{BC20E3C0-CBE7-424A-A10A-2C74B37D4743}.Debug|Any CPU.Build.0 = Debug|Any CPU
		{BC20E3C0-CBE7-424A-A10A-2C74B37D4743}.Release|Any CPU.ActiveCfg = Release|Any CPU
		{BC20E3C0-CBE7-424A-A10A-2C74B37D4743}.Release|Any CPU.Build.0 = Release|Any CPU
	EndGlobalSection
	GlobalSection(SolutionProperties) = preSolution
		HideSolutionNode = FALSE
	EndGlobalSection
EndGlobal
