
Microsoft Visual Studio Solution File, Format Version 12.00
# Visual Studio 14
VisualStudioVersion = 14.0.25420.1
MinimumVisualStudioVersion = 10.0.40219.1
Project("{FAE04EC0-301F-11D3-BF4B-00C04F79EFBC}") = "Yoox.Kata.BowlingGame", "Yoox.Kata.BowlingGame\Yoox.Kata.BowlingGame.csproj", "{6DC453CE-76FA-4838-9F25-FE50CB95AC87}"
EndProject
Project("{FAE04EC0-301F-11D3-BF4B-00C04F79EFBC}") = "Yoox.Kata.BowlingGameTest", "Yoox.Kata.BowlingGameTest\Yoox.Kata.BowlingGameTest.csproj", "{C969C824-172D-4736-82BB-D8792731A331}"
EndProject
Global
	GlobalSection(SolutionConfigurationPlatforms) = preSolution
		Debug|Any CPU = Debug|Any CPU
		Release|Any CPU = Release|Any CPU
	EndGlobalSection
	GlobalSection(ProjectConfigurationPlatforms) = postSolution
		{6DC453CE-76FA-4838-9F25-FE50CB95AC87}.Debug|Any CPU.ActiveCfg = Debug|Any CPU
		{6DC453CE-76FA-4838-9F25-FE50CB95AC87}.Debug|Any CPU.Build.0 = Debug|Any CPU
		{6DC453CE-76FA-4838-9F25-FE50CB95AC87}.Release|Any CPU.ActiveCfg = Release|Any CPU
		{6DC453CE-76FA-4838-9F25-FE50CB95AC87}.Release|Any CPU.Build.0 = Release|Any CPU
		{C969C824-172D-4736-82BB-D8792731A331}.Debug|Any CPU.ActiveCfg = Debug|Any CPU
		{C969C824-172D-4736-82BB-D8792731A331}.Debug|Any CPU.Build.0 = Debug|Any CPU
		{C969C824-172D-4736-82BB-D8792731A331}.Release|Any CPU.ActiveCfg = Release|Any CPU
		{C969C824-172D-4736-82BB-D8792731A331}.Release|Any CPU.Build.0 = Release|Any CPU
	EndGlobalSection
	GlobalSection(SolutionProperties) = preSolution
		HideSolutionNode = FALSE
	EndGlobalSection
EndGlobal
