
Microsoft Visual Studio Solution File, Format Version 12.00
# Visual Studio 14
VisualStudioVersion = 14.0.25420.1
MinimumVisualStudioVersion = 10.0.40219.1
Project("{FAE04EC0-301F-11D3-BF4B-00C04F79EFBC}") = "Yoox.MyTrattoria", "Yoox.MyTrattoria\Yoox.MyTrattoria.csproj", "{363B3B01-BA32-4564-9B49-E2DB89C8EBD0}"
EndProject
Project("{FAE04EC0-301F-11D3-BF4B-00C04F79EFBC}") = "MyTrattoria.Sql", "MyTrattoria.Sql\MyTrattoria.Sql.csproj", "{469202E8-2350-4E13-89BF-1B701595EAD9}"
EndProject
Project("{FAE04EC0-301F-11D3-BF4B-00C04F79EFBC}") = "MyTrattoria.Mongo", "MyTrattoria.Mongo\MyTrattoria.Mongo.csproj", "{13DBB87E-F822-4114-92C2-71D848CA7AEE}"
EndProject
Global
	GlobalSection(SolutionConfigurationPlatforms) = preSolution
		Debug|Any CPU = Debug|Any CPU
		Release|Any CPU = Release|Any CPU
	EndGlobalSection
	GlobalSection(ProjectConfigurationPlatforms) = postSolution
		{363B3B01-BA32-4564-9B49-E2DB89C8EBD0}.Debug|Any CPU.ActiveCfg = Debug|Any CPU
		{363B3B01-BA32-4564-9B49-E2DB89C8EBD0}.Debug|Any CPU.Build.0 = Debug|Any CPU
		{363B3B01-BA32-4564-9B49-E2DB89C8EBD0}.Release|Any CPU.ActiveCfg = Release|Any CPU
		{363B3B01-BA32-4564-9B49-E2DB89C8EBD0}.Release|Any CPU.Build.0 = Release|Any CPU
		{469202E8-2350-4E13-89BF-1B701595EAD9}.Debug|Any CPU.ActiveCfg = Debug|Any CPU
		{469202E8-2350-4E13-89BF-1B701595EAD9}.Debug|Any CPU.Build.0 = Debug|Any CPU
		{469202E8-2350-4E13-89BF-1B701595EAD9}.Release|Any CPU.ActiveCfg = Release|Any CPU
		{469202E8-2350-4E13-89BF-1B701595EAD9}.Release|Any CPU.Build.0 = Release|Any CPU
		{13DBB87E-F822-4114-92C2-71D848CA7AEE}.Debug|Any CPU.ActiveCfg = Debug|Any CPU
		{13DBB87E-F822-4114-92C2-71D848CA7AEE}.Debug|Any CPU.Build.0 = Debug|Any CPU
		{13DBB87E-F822-4114-92C2-71D848CA7AEE}.Release|Any CPU.ActiveCfg = Release|Any CPU
		{13DBB87E-F822-4114-92C2-71D848CA7AEE}.Release|Any CPU.Build.0 = Release|Any CPU
	EndGlobalSection
	GlobalSection(SolutionProperties) = preSolution
		HideSolutionNode = FALSE
	EndGlobalSection
EndGlobal
