
Microsoft Visual Studio Solution File, Format Version 12.00
# Visual Studio 14
VisualStudioVersion = 14.0.25420.1
MinimumVisualStudioVersion = 10.0.40219.1
Project("{FAE04EC0-301F-11D3-BF4B-00C04F79EFBC}") = "Yoox.StringCalculatorKata", "Yoox.StringCalculatorKata\Yoox.StringCalculatorKata.csproj", "{F679C39B-48EE-4093-ADC9-196D03911AA5}"
EndProject
Project("{FAE04EC0-301F-11D3-BF4B-00C04F79EFBC}") = "Yoox.StringCalculatorKataTest", "Yoox.StringCalculatorKataTest\Yoox.StringCalculatorKataTest.csproj", "{B7652B28-4C42-4ADE-8DBD-C5D0F2D095F4}"
EndProject
Global
	GlobalSection(SolutionConfigurationPlatforms) = preSolution
		Debug|Any CPU = Debug|Any CPU
		Release|Any CPU = Release|Any CPU
	EndGlobalSection
	GlobalSection(ProjectConfigurationPlatforms) = postSolution
		{F679C39B-48EE-4093-ADC9-196D03911AA5}.Debug|Any CPU.ActiveCfg = Debug|Any CPU
		{F679C39B-48EE-4093-ADC9-196D03911AA5}.Debug|Any CPU.Build.0 = Debug|Any CPU
		{F679C39B-48EE-4093-ADC9-196D03911AA5}.Release|Any CPU.ActiveCfg = Release|Any CPU
		{F679C39B-48EE-4093-ADC9-196D03911AA5}.Release|Any CPU.Build.0 = Release|Any CPU
		{B7652B28-4C42-4ADE-8DBD-C5D0F2D095F4}.Debug|Any CPU.ActiveCfg = Debug|Any CPU
		{B7652B28-4C42-4ADE-8DBD-C5D0F2D095F4}.Debug|Any CPU.Build.0 = Debug|Any CPU
		{B7652B28-4C42-4ADE-8DBD-C5D0F2D095F4}.Release|Any CPU.ActiveCfg = Release|Any CPU
		{B7652B28-4C42-4ADE-8DBD-C5D0F2D095F4}.Release|Any CPU.Build.0 = Release|Any CPU
	EndGlobalSection
	GlobalSection(SolutionProperties) = preSolution
		HideSolutionNode = FALSE
	EndGlobalSection
EndGlobal
